
Microsoft Visual Studio Solution File, Format Version 12.00
# Visual Studio Version 17
VisualStudioVersion = 17.5.2.0
MinimumVisualStudioVersion = 10.0.40219.1
Project("{FAE04EC0-301F-11D3-BF4B-00C04F79EFBC}") = "MedTech.Tests", ".\MedTech.Tests\MedTech.Tests.csproj", "{1DE35C38-00B5-1EE2-C55E-A8ADF12BB1C7}"
EndProject
Project("{FAE04EC0-301F-11D3-BF4B-00C04F79EFBC}") = "MedTech.App", ".\MedTech.App\MedTech.App.csproj", "{933E5683-2C6A-4167-9C8E-27B5ACA2F83F}"
EndProject
Global
	GlobalSection(SolutionConfigurationPlatforms) = preSolution
		Debug|Any CPU = Debug|Any CPU
		Debug|x64 = Debug|x64
		Debug|x86 = Debug|x86
		Release|Any CPU = Release|Any CPU
		Release|x64 = Release|x64
		Release|x86 = Release|x86
	EndGlobalSection
	GlobalSection(ProjectConfigurationPlatforms) = postSolution
		{1DE35C38-00B5-1EE2-C55E-A8ADF12BB1C7}.Debug|Any CPU.ActiveCfg = Debug|Any CPU
		{1DE35C38-00B5-1EE2-C55E-A8ADF12BB1C7}.Debug|Any CPU.Build.0 = Debug|Any CPU
		{1DE35C38-00B5-1EE2-C55E-A8ADF12BB1C7}.Debug|x64.ActiveCfg = Debug|Any CPU
		{1DE35C38-00B5-1EE2-C55E-A8ADF12BB1C7}.Debug|x64.Build.0 = Debug|Any CPU
		{1DE35C38-00B5-1EE2-C55E-A8ADF12BB1C7}.Debug|x86.ActiveCfg = Debug|Any CPU
		{1DE35C38-00B5-1EE2-C55E-A8ADF12BB1C7}.Debug|x86.Build.0 = Debug|Any CPU
		{1DE35C38-00B5-1EE2-C55E-A8ADF12BB1C7}.Release|Any CPU.ActiveCfg = Release|Any CPU
		{1DE35C38-00B5-1EE2-C55E-A8ADF12BB1C7}.Release|Any CPU.Build.0 = Release|Any CPU
		{1DE35C38-00B5-1EE2-C55E-A8ADF12BB1C7}.Release|x64.ActiveCfg = Release|Any CPU
		{1DE35C38-00B5-1EE2-C55E-A8ADF12BB1C7}.Release|x64.Build.0 = Release|Any CPU
		{1DE35C38-00B5-1EE2-C55E-A8ADF12BB1C7}.Release|x86.ActiveCfg = Release|Any CPU
		{1DE35C38-00B5-1EE2-C55E-A8ADF12BB1C7}.Release|x86.Build.0 = Release|Any CPU
		{933E5683-2C6A-4167-9C8E-27B5ACA2F83F}.Debug|Any CPU.ActiveCfg = Debug|Any CPU
		{933E5683-2C6A-4167-9C8E-27B5ACA2F83F}.Debug|Any CPU.Build.0 = Debug|Any CPU
		{933E5683-2C6A-4167-9C8E-27B5ACA2F83F}.Debug|x64.ActiveCfg = Debug|Any CPU
		{933E5683-2C6A-4167-9C8E-27B5ACA2F83F}.Debug|x64.Build.0 = Debug|Any CPU
		{933E5683-2C6A-4167-9C8E-27B5ACA2F83F}.Debug|x86.ActiveCfg = Debug|Any CPU
		{933E5683-2C6A-4167-9C8E-27B5ACA2F83F}.Debug|x86.Build.0 = Debug|Any CPU
		{933E5683-2C6A-4167-9C8E-27B5ACA2F83F}.Release|Any CPU.ActiveCfg = Release|Any CPU
		{933E5683-2C6A-4167-9C8E-27B5ACA2F83F}.Release|Any CPU.Build.0 = Release|Any CPU
		{933E5683-2C6A-4167-9C8E-27B5ACA2F83F}.Release|x64.ActiveCfg = Release|Any CPU
		{933E5683-2C6A-4167-9C8E-27B5ACA2F83F}.Release|x64.Build.0 = Release|Any CPU
		{933E5683-2C6A-4167-9C8E-27B5ACA2F83F}.Release|x86.ActiveCfg = Release|Any CPU
		{933E5683-2C6A-4167-9C8E-27B5ACA2F83F}.Release|x86.Build.0 = Release|Any CPU
	EndGlobalSection
	GlobalSection(SolutionProperties) = preSolution
		HideSolutionNode = FALSE
	EndGlobalSection
	GlobalSection(ExtensibilityGlobals) = postSolution
		SolutionGuid = {17626AF6-511C-4226-A810-F2A6A92662F1}
	EndGlobalSection
EndGlobal
